
Microsoft Visual Studio Solution File, Format Version 12.00
# Visual Studio Version 16
VisualStudioVersion = 16.0.31515.178
MinimumVisualStudioVersion = 10.0.40219.1
Project("{2150E333-8FDC-42A3-9474-1A3956D46DE8}") = "Services", "Services", "{EA74DD83-F728-4665-82F2-ADB285C72C77}"
EndProject
Project("{2150E333-8FDC-42A3-9474-1A3956D46DE8}") = "Catalog", "Catalog", "{8C8F2E58-C141-4C88-8048-1D179EE582BA}"
EndProject
Project("{FAE04EC0-301F-11D3-BF4B-00C04F79EFBC}") = "FreeCourse.Services.Catalog", "Services\Catalog\FreeCourse.Services.Catalog\FreeCourse.Services.Catalog.csproj", "{5FACE7E8-F3A6-426C-AF61-FFAF064F7D0D}"
EndProject
Project("{2150E333-8FDC-42A3-9474-1A3956D46DE8}") = "Solution Items", "Solution Items", "{DFAD6501-45D4-4061-938C-16B55A070F33}"
	ProjectSection(SolutionItems) = preProject
		Ports.txt = Ports.txt
	EndProjectSection
EndProject
Project("{2150E333-8FDC-42A3-9474-1A3956D46DE8}") = "Shared", "Shared", "{86382B7A-0F69-4098-89D8-8F3D62F1CB01}"
EndProject
Project("{FAE04EC0-301F-11D3-BF4B-00C04F79EFBC}") = "FreeCourse.Shared", "Shared\FreeCourse.Shared\FreeCourse.Shared.csproj", "{A6E25714-1CDC-43D5-BDEA-5FF7E36B2A8F}"
EndProject
Global
	GlobalSection(SolutionConfigurationPlatforms) = preSolution
		Debug|Any CPU = Debug|Any CPU
		Release|Any CPU = Release|Any CPU
	EndGlobalSection
	GlobalSection(ProjectConfigurationPlatforms) = postSolution
		{5FACE7E8-F3A6-426C-AF61-FFAF064F7D0D}.Debug|Any CPU.ActiveCfg = Debug|Any CPU
		{5FACE7E8-F3A6-426C-AF61-FFAF064F7D0D}.Debug|Any CPU.Build.0 = Debug|Any CPU
		{5FACE7E8-F3A6-426C-AF61-FFAF064F7D0D}.Release|Any CPU.ActiveCfg = Release|Any CPU
		{5FACE7E8-F3A6-426C-AF61-FFAF064F7D0D}.Release|Any CPU.Build.0 = Release|Any CPU
		{A6E25714-1CDC-43D5-BDEA-5FF7E36B2A8F}.Debug|Any CPU.ActiveCfg = Debug|Any CPU
		{A6E25714-1CDC-43D5-BDEA-5FF7E36B2A8F}.Debug|Any CPU.Build.0 = Debug|Any CPU
		{A6E25714-1CDC-43D5-BDEA-5FF7E36B2A8F}.Release|Any CPU.ActiveCfg = Release|Any CPU
		{A6E25714-1CDC-43D5-BDEA-5FF7E36B2A8F}.Release|Any CPU.Build.0 = Release|Any CPU
	EndGlobalSection
	GlobalSection(SolutionProperties) = preSolution
		HideSolutionNode = FALSE
	EndGlobalSection
	GlobalSection(NestedProjects) = preSolution
		{8C8F2E58-C141-4C88-8048-1D179EE582BA} = {EA74DD83-F728-4665-82F2-ADB285C72C77}
		{5FACE7E8-F3A6-426C-AF61-FFAF064F7D0D} = {8C8F2E58-C141-4C88-8048-1D179EE582BA}
		{A6E25714-1CDC-43D5-BDEA-5FF7E36B2A8F} = {86382B7A-0F69-4098-89D8-8F3D62F1CB01}
	EndGlobalSection
	GlobalSection(ExtensibilityGlobals) = postSolution
		SolutionGuid = {6DD1D828-49DA-49E7-B1EE-A33E656DD31A}
	EndGlobalSection
EndGlobal
